<?xml version="1.0" encoding="utf-8"?>
<Project ToolsVersion="4.0" xmlns="http://schemas.microsoft.com/developer/msbuild/2003">
  <ItemGroup>
    <Filter Include="Source Files">
      <UniqueIdentifier>{4FC737F1-C7A5-4376-A066-2A32D752A2FF}</UniqueIdentifier>
      <Extensions>cpp;c;cc;cxx;c++;cppm;ixx;def;odl;idl;hpj;bat;asm;asmx</Extensions>
    </Filter>
    <Filter Include="Header Files">
      <UniqueIdentifier>{93995380-89BD-4b04-88EB-625FBE52EBFB}</UniqueIdentifier>
      <Extensions>h;hh;hpp;hxx;h++;hm;inl;inc;ipp;xsd</Extensions>
    </Filter>
    <Filter Include="Resource Files">
      <UniqueIdentifier>{67DA6AB6-F800-4c08-8B7A-83BB121AAD01}</UniqueIdentifier>
      <Extensions>rc;ico;cur;bmp;dlg;rc2;rct;bin;rgs;gif;jpg;jpeg;jpe;resx;tiff;tif;png;wav;mfcribbon-ms</Extensions>
    </Filter>
  </ItemGroup>
  <ItemGroup>
    <ClCompile Include="uGFX\drivers\multiple\Win32\gdisp_lld_Win32.c">
      <Filter>Source Files</Filter>
    </ClCompile>
    <ClCompile Include="uGFX\src\gfx_mk.c">
      <Filter>Source Files</Filter>
    </ClCompile>
    <ClCompile Include="Testing\stubs\InputStub.cpp">
      <Filter>Source Files</Filter>
    </ClCompile>
    <ClCompile Include="Testing\test_AmplifierModule.cpp">
      <Filter>Source Files</Filter>
    </ClCompile>
    <ClCompile Include="Testing\test_CompilerAndAllThingsMeta.cpp">
      <Filter>Source Files</Filter>
    </ClCompile>
    <ClCompile Include="Testing\test_InputConverters.cpp">
      <Filter>Source Files</Filter>
    </ClCompile>
    <ClCompile Include="Testing\test_OutputBuffer.cpp">
      <Filter>Source Files</Filter>
    </ClCompile>
    <ClCompile Include="Testing\test_Utilities.cpp">
      <Filter>Source Files</Filter>
    </ClCompile>
    <ClCompile Include="Testing\TestingResources.cpp">
      <Filter>Source Files</Filter>
    </ClCompile>
    <ClCompile Include="Testing\TestingUtils.cpp">
      <Filter>Source Files</Filter>
    </ClCompile>
    <ClCompile Include="Model\Modules\AmplifierModule.cpp">
      <Filter>Source Files</Filter>
    </ClCompile>
    <ClCompile Include="Model\Modules\Module.cpp">
      <Filter>Source Files</Filter>
    </ClCompile>
    <ClCompile Include="Model\InputConverters.cpp">
      <Filter>Source Files</Filter>
    </ClCompile>
    <ClCompile Include="Model\Inputs.cpp">
      <Filter>Source Files</Filter>
    </ClCompile>
    <ClCompile Include="Model\OutputBuffer.cpp">
      <Filter>Source Files</Filter>
    </ClCompile>
    <ClCompile Include="Model\Patch.cpp">
      <Filter>Source Files</Filter>
    </ClCompile>
    <ClCompile Include="Model\Utilities.cpp">
      <Filter>Source Files</Filter>
    </ClCompile>
    <ClCompile Include="src\CppUTest\CommandLineArguments.cpp">
      <Filter>Source Files</Filter>
    </ClCompile>
    <ClCompile Include="src\CppUTest\CommandLineTestRunner.cpp">
      <Filter>Source Files</Filter>
    </ClCompile>
    <ClCompile Include="src\CppUTest\JUnitTestOutput.cpp">
      <Filter>Source Files</Filter>
    </ClCompile>
    <ClCompile Include="src\CppUTest\MemoryLeakDetector.cpp">
      <Filter>Source Files</Filter>
    </ClCompile>
    <ClCompile Include="src\CppUTest\MemoryLeakWarningPlugin.cpp">
      <Filter>Source Files</Filter>
    </ClCompile>
    <ClCompile Include="src\CppUTest\SimpleMutex.cpp">
      <Filter>Source Files</Filter>
    </ClCompile>
    <ClCompile Include="src\CppUTest\SimpleString.cpp">
      <Filter>Source Files</Filter>
    </ClCompile>
    <ClCompile Include="src\CppUTest\TeamCityTestOutput.cpp">
      <Filter>Source Files</Filter>
    </ClCompile>
    <ClCompile Include="src\CppUTest\TestFailure.cpp">
      <Filter>Source Files</Filter>
    </ClCompile>
    <ClCompile Include="src\CppUTest\TestFilter.cpp">
      <Filter>Source Files</Filter>
    </ClCompile>
    <ClCompile Include="src\CppUTest\TestHarness_c.cpp">
      <Filter>Source Files</Filter>
    </ClCompile>
    <ClCompile Include="src\CppUTest\TestMemoryAllocator.cpp">
      <Filter>Source Files</Filter>
    </ClCompile>
    <ClCompile Include="src\CppUTest\TestOutput.cpp">
      <Filter>Source Files</Filter>
    </ClCompile>
    <ClCompile Include="src\CppUTest\TestPlugin.cpp">
      <Filter>Source Files</Filter>
    </ClCompile>
    <ClCompile Include="src\CppUTest\TestRegistry.cpp">
      <Filter>Source Files</Filter>
    </ClCompile>
    <ClCompile Include="src\CppUTest\TestResult.cpp">
      <Filter>Source Files</Filter>
    </ClCompile>
    <ClCompile Include="src\CppUTest\TestTestingFixture.cpp">
      <Filter>Source Files</Filter>
    </ClCompile>
    <ClCompile Include="src\CppUTest\Utest.cpp">
      <Filter>Source Files</Filter>
    </ClCompile>
    <ClCompile Include="src\CppUTestExt\CodeMemoryReportFormatter.cpp">
      <Filter>Source Files</Filter>
    </ClCompile>
    <ClCompile Include="src\CppUTestExt\IEEE754ExceptionsPlugin.cpp">
      <Filter>Source Files</Filter>
    </ClCompile>
    <ClCompile Include="src\CppUTestExt\MemoryReportAllocator.cpp">
      <Filter>Source Files</Filter>
    </ClCompile>
    <ClCompile Include="src\CppUTestExt\MemoryReporterPlugin.cpp">
      <Filter>Source Files</Filter>
    </ClCompile>
    <ClCompile Include="src\CppUTestExt\MemoryReportFormatter.cpp">
      <Filter>Source Files</Filter>
    </ClCompile>
    <ClCompile Include="src\CppUTestExt\MockActualCall.cpp">
      <Filter>Source Files</Filter>
    </ClCompile>
    <ClCompile Include="src\CppUTestExt\MockExpectedCall.cpp">
      <Filter>Source Files</Filter>
    </ClCompile>
    <ClCompile Include="src\CppUTestExt\MockExpectedCallsList.cpp">
      <Filter>Source Files</Filter>
    </ClCompile>
    <ClCompile Include="src\CppUTestExt\MockFailure.cpp">
      <Filter>Source Files</Filter>
    </ClCompile>
    <ClCompile Include="src\CppUTestExt\MockNamedValue.cpp">
      <Filter>Source Files</Filter>
    </ClCompile>
    <ClCompile Include="src\CppUTestExt\MockSupport.cpp">
      <Filter>Source Files</Filter>
    </ClCompile>
    <ClCompile Include="src\CppUTestExt\MockSupport_c.cpp">
      <Filter>Source Files</Filter>
    </ClCompile>
    <ClCompile Include="src\CppUTestExt\MockSupportPlugin.cpp">
      <Filter>Source Files</Filter>
    </ClCompile>
    <ClCompile Include="src\CppUTestExt\OrderedTest.cpp">
      <Filter>Source Files</Filter>
    </ClCompile>
    <ClCompile Include="src\UtestPlatform.cpp">
      <Filter>Source Files</Filter>
    </ClCompile>
    <ClCompile Include="main.cpp">
      <Filter>Source Files</Filter>
    </ClCompile>
  </ItemGroup>
  <ItemGroup>
    <None Include="uGFX\gfx.mk" />
  </ItemGroup>
  <ItemGroup>
    <ClInclude Include="Testing\stubs\InputStub.h">
      <Filter>Header Files</Filter>
    </ClInclude>
    <ClInclude Include="Testing\test_Module.h">
      <Filter>Header Files</Filter>
    </ClInclude>
    <ClInclude Include="Testing\TestingResources.h">
      <Filter>Header Files</Filter>
    </ClInclude>
    <ClInclude Include="Testing\TestingUtils.h">
      <Filter>Header Files</Filter>
    </ClInclude>
    <ClInclude Include="Model\Modules\AmplifierModule.h">
      <Filter>Header Files</Filter>
    </ClInclude>
    <ClInclude Include="Model\Modules\Module.h">
      <Filter>Header Files</Filter>
    </ClInclude>
    <ClInclude Include="Model\Exceptions.h">
      <Filter>Header Files</Filter>
    </ClInclude>
    <ClInclude Include="Model\InputConverters.h">
      <Filter>Header Files</Filter>
    </ClInclude>
    <ClInclude Include="Model\Inputs.h">
      <Filter>Header Files</Filter>
    </ClInclude>
    <ClInclude Include="Model\OutputBuffer.h">
      <Filter>Header Files</Filter>
    </ClInclude>
    <ClInclude Include="Model\Patch.h">
      <Filter>Header Files</Filter>
    </ClInclude>
    <ClInclude Include="Model\SettingsMacros.h">
      <Filter>Header Files</Filter>
    </ClInclude>
    <ClInclude Include="Model\Utilities.h">
      <Filter>Header Files</Filter>
    </ClInclude>
  </ItemGroup>
</Project>